
Microsoft Visual Studio Solution File, Format Version 12.00
# Visual Studio Version 17
VisualStudioVersion = 17.14.36717.8
MinimumVisualStudioVersion = 10.0.40219.1
Project("{FAE04EC0-301F-11D3-BF4B-00C04F79EFBC}") = "Management.System.WebApi", "Management.System.WebApi\Management.System.WebApi.csproj", "{8F91189A-095C-484A-8660-613F8BACB5D2}"
EndProject
Project("{FAE04EC0-301F-11D3-BF4B-00C04F79EFBC}") = "Management.System.Domain", "Management.System.Domain\Management.System.Domain.csproj", "{D2736C2C-1082-452B-8F10-6438EAF41B70}"
EndProject
Project("{FAE04EC0-301F-11D3-BF4B-00C04F79EFBC}") = "Management.System.Infrastructure", "Management.System.Infrastructure\Management.System.Infrastructure.csproj", "{BD57D42D-FC2F-49CA-9C20-1BB6F5778F25}"
EndProject
Project("{FAE04EC0-301F-11D3-BF4B-00C04F79EFBC}") = "Management.System.Shared", "Management.System.Shared\Management.System.Shared.csproj", "{EB46A98C-E654-4CC9-90DD-4B249C66EF22}"
EndProject
Project("{FAE04EC0-301F-11D3-BF4B-00C04F79EFBC}") = "Management.System.Business", "Management.System.Business\Management.System.Business.csproj", "{D4E9FC89-B4B9-4B5B-83DA-436D6623D647}"
EndProject
Global
	GlobalSection(SolutionConfigurationPlatforms) = preSolution
		Debug|Any CPU = Debug|Any CPU
		Release|Any CPU = Release|Any CPU
	EndGlobalSection
	GlobalSection(ProjectConfigurationPlatforms) = postSolution
		{8F91189A-095C-484A-8660-613F8BACB5D2}.Debug|Any CPU.ActiveCfg = Debug|Any CPU
		{8F91189A-095C-484A-8660-613F8BACB5D2}.Debug|Any CPU.Build.0 = Debug|Any CPU
		{8F91189A-095C-484A-8660-613F8BACB5D2}.Release|Any CPU.ActiveCfg = Release|Any CPU
		{8F91189A-095C-484A-8660-613F8BACB5D2}.Release|Any CPU.Build.0 = Release|Any CPU
		{D2736C2C-1082-452B-8F10-6438EAF41B70}.Debug|Any CPU.ActiveCfg = Debug|Any CPU
		{D2736C2C-1082-452B-8F10-6438EAF41B70}.Debug|Any CPU.Build.0 = Debug|Any CPU
		{D2736C2C-1082-452B-8F10-6438EAF41B70}.Release|Any CPU.ActiveCfg = Release|Any CPU
		{D2736C2C-1082-452B-8F10-6438EAF41B70}.Release|Any CPU.Build.0 = Release|Any CPU
		{BD57D42D-FC2F-49CA-9C20-1BB6F5778F25}.Debug|Any CPU.ActiveCfg = Debug|Any CPU
		{BD57D42D-FC2F-49CA-9C20-1BB6F5778F25}.Debug|Any CPU.Build.0 = Debug|Any CPU
		{BD57D42D-FC2F-49CA-9C20-1BB6F5778F25}.Release|Any CPU.ActiveCfg = Release|Any CPU
		{BD57D42D-FC2F-49CA-9C20-1BB6F5778F25}.Release|Any CPU.Build.0 = Release|Any CPU
		{EB46A98C-E654-4CC9-90DD-4B249C66EF22}.Debug|Any CPU.ActiveCfg = Debug|Any CPU
		{EB46A98C-E654-4CC9-90DD-4B249C66EF22}.Debug|Any CPU.Build.0 = Debug|Any CPU
		{EB46A98C-E654-4CC9-90DD-4B249C66EF22}.Release|Any CPU.ActiveCfg = Release|Any CPU
		{EB46A98C-E654-4CC9-90DD-4B249C66EF22}.Release|Any CPU.Build.0 = Release|Any CPU
		{D4E9FC89-B4B9-4B5B-83DA-436D6623D647}.Debug|Any CPU.ActiveCfg = Debug|Any CPU
		{D4E9FC89-B4B9-4B5B-83DA-436D6623D647}.Debug|Any CPU.Build.0 = Debug|Any CPU
		{D4E9FC89-B4B9-4B5B-83DA-436D6623D647}.Release|Any CPU.ActiveCfg = Release|Any CPU
		{D4E9FC89-B4B9-4B5B-83DA-436D6623D647}.Release|Any CPU.Build.0 = Release|Any CPU
	EndGlobalSection
	GlobalSection(SolutionProperties) = preSolution
		HideSolutionNode = FALSE
	EndGlobalSection
	GlobalSection(ExtensibilityGlobals) = postSolution
		SolutionGuid = {886575D7-67FE-4997-821A-BAAEC1215871}
	EndGlobalSection
EndGlobal
